
Microsoft Visual Studio Solution File, Format Version 12.00
# Visual Studio 15
VisualStudioVersion = 15.0.27130.2010
MinimumVisualStudioVersion = 10.0.40219.1
Project("{FAE04EC0-301F-11D3-BF4B-00C04F79EFBC}") = "DAL", "DAL\DAL.csproj", "{163A5F69-0503-493C-A1BB-BC1B5CA4559D}"
EndProject
Project("{FAE04EC0-301F-11D3-BF4B-00C04F79EFBC}") = "Enums", "Enums\Enums.csproj", "{B3F71BE2-7F57-4099-850A-1277BB9AB505}"
EndProject
Project("{FAE04EC0-301F-11D3-BF4B-00C04F79EFBC}") = "Common", "Common\Common.csproj", "{B966B52E-810F-4C7E-9429-B9368B015601}"
EndProject
Project("{FAE04EC0-301F-11D3-BF4B-00C04F79EFBC}") = "Constants", "Constants\Constants.csproj", "{D3C26623-AE53-4CE3-9273-8BD5C9A01961}"
EndProject
Project("{9A19103F-16F7-4668-BE54-9A1E7A4F7556}") = "WebApi", "WebApi\WebApi.csproj", "{963D3AE1-BF7F-423C-80AF-A81BAEAD6824}"
EndProject
Global
	GlobalSection(SolutionConfigurationPlatforms) = preSolution
		Debug|Any CPU = Debug|Any CPU
		Debug|x86 = Debug|x86
		Protected_Release|Any CPU = Protected_Release|Any CPU
		Protected_Release|x86 = Protected_Release|x86
		Release|Any CPU = Release|Any CPU
		Release|x86 = Release|x86
	EndGlobalSection
	GlobalSection(ProjectConfigurationPlatforms) = postSolution
		{163A5F69-0503-493C-A1BB-BC1B5CA4559D}.Debug|Any CPU.ActiveCfg = Debug|Any CPU
		{163A5F69-0503-493C-A1BB-BC1B5CA4559D}.Debug|Any CPU.Build.0 = Debug|Any CPU
		{163A5F69-0503-493C-A1BB-BC1B5CA4559D}.Debug|x86.ActiveCfg = Debug|x86
		{163A5F69-0503-493C-A1BB-BC1B5CA4559D}.Debug|x86.Build.0 = Debug|x86
		{163A5F69-0503-493C-A1BB-BC1B5CA4559D}.Protected_Release|Any CPU.ActiveCfg = Protected_Release|Any CPU
		{163A5F69-0503-493C-A1BB-BC1B5CA4559D}.Protected_Release|Any CPU.Build.0 = Protected_Release|Any CPU
		{163A5F69-0503-493C-A1BB-BC1B5CA4559D}.Protected_Release|x86.ActiveCfg = Protected_Release|x86
		{163A5F69-0503-493C-A1BB-BC1B5CA4559D}.Protected_Release|x86.Build.0 = Protected_Release|x86
		{163A5F69-0503-493C-A1BB-BC1B5CA4559D}.Release|Any CPU.ActiveCfg = Release|Any CPU
		{163A5F69-0503-493C-A1BB-BC1B5CA4559D}.Release|Any CPU.Build.0 = Release|Any CPU
		{163A5F69-0503-493C-A1BB-BC1B5CA4559D}.Release|x86.ActiveCfg = Release|x86
		{163A5F69-0503-493C-A1BB-BC1B5CA4559D}.Release|x86.Build.0 = Release|x86
		{B3F71BE2-7F57-4099-850A-1277BB9AB505}.Debug|Any CPU.ActiveCfg = Debug|Any CPU
		{B3F71BE2-7F57-4099-850A-1277BB9AB505}.Debug|Any CPU.Build.0 = Debug|Any CPU
		{B3F71BE2-7F57-4099-850A-1277BB9AB505}.Debug|x86.ActiveCfg = Debug|x86
		{B3F71BE2-7F57-4099-850A-1277BB9AB505}.Debug|x86.Build.0 = Debug|x86
		{B3F71BE2-7F57-4099-850A-1277BB9AB505}.Protected_Release|Any CPU.ActiveCfg = Protected_Release|Any CPU
		{B3F71BE2-7F57-4099-850A-1277BB9AB505}.Protected_Release|Any CPU.Build.0 = Protected_Release|Any CPU
		{B3F71BE2-7F57-4099-850A-1277BB9AB505}.Protected_Release|x86.ActiveCfg = Protected_Release|x86
		{B3F71BE2-7F57-4099-850A-1277BB9AB505}.Protected_Release|x86.Build.0 = Protected_Release|x86
		{B3F71BE2-7F57-4099-850A-1277BB9AB505}.Release|Any CPU.ActiveCfg = Release|Any CPU
		{B3F71BE2-7F57-4099-850A-1277BB9AB505}.Release|Any CPU.Build.0 = Release|Any CPU
		{B3F71BE2-7F57-4099-850A-1277BB9AB505}.Release|x86.ActiveCfg = Release|x86
		{B3F71BE2-7F57-4099-850A-1277BB9AB505}.Release|x86.Build.0 = Release|x86
		{B966B52E-810F-4C7E-9429-B9368B015601}.Debug|Any CPU.ActiveCfg = Debug|Any CPU
		{B966B52E-810F-4C7E-9429-B9368B015601}.Debug|Any CPU.Build.0 = Debug|Any CPU
		{B966B52E-810F-4C7E-9429-B9368B015601}.Debug|x86.ActiveCfg = Debug|x86
		{B966B52E-810F-4C7E-9429-B9368B015601}.Debug|x86.Build.0 = Debug|x86
		{B966B52E-810F-4C7E-9429-B9368B015601}.Protected_Release|Any CPU.ActiveCfg = Protected_Release|Any CPU
		{B966B52E-810F-4C7E-9429-B9368B015601}.Protected_Release|Any CPU.Build.0 = Protected_Release|Any CPU
		{B966B52E-810F-4C7E-9429-B9368B015601}.Protected_Release|x86.ActiveCfg = Protected_Release|x86
		{B966B52E-810F-4C7E-9429-B9368B015601}.Protected_Release|x86.Build.0 = Protected_Release|x86
		{B966B52E-810F-4C7E-9429-B9368B015601}.Release|Any CPU.ActiveCfg = Release|Any CPU
		{B966B52E-810F-4C7E-9429-B9368B015601}.Release|Any CPU.Build.0 = Release|Any CPU
		{B966B52E-810F-4C7E-9429-B9368B015601}.Release|x86.ActiveCfg = Release|x86
		{B966B52E-810F-4C7E-9429-B9368B015601}.Release|x86.Build.0 = Release|x86
		{D3C26623-AE53-4CE3-9273-8BD5C9A01961}.Debug|Any CPU.ActiveCfg = Debug|Any CPU
		{D3C26623-AE53-4CE3-9273-8BD5C9A01961}.Debug|Any CPU.Build.0 = Debug|Any CPU
		{D3C26623-AE53-4CE3-9273-8BD5C9A01961}.Debug|x86.ActiveCfg = Debug|Any CPU
		{D3C26623-AE53-4CE3-9273-8BD5C9A01961}.Debug|x86.Build.0 = Debug|Any CPU
		{D3C26623-AE53-4CE3-9273-8BD5C9A01961}.Protected_Release|Any CPU.ActiveCfg = Protected_Release|Any CPU
		{D3C26623-AE53-4CE3-9273-8BD5C9A01961}.Protected_Release|Any CPU.Build.0 = Protected_Release|Any CPU
		{D3C26623-AE53-4CE3-9273-8BD5C9A01961}.Protected_Release|x86.ActiveCfg = Protected_Release|Any CPU
		{D3C26623-AE53-4CE3-9273-8BD5C9A01961}.Protected_Release|x86.Build.0 = Protected_Release|Any CPU
		{D3C26623-AE53-4CE3-9273-8BD5C9A01961}.Release|Any CPU.ActiveCfg = Release|Any CPU
		{D3C26623-AE53-4CE3-9273-8BD5C9A01961}.Release|Any CPU.Build.0 = Release|Any CPU
		{D3C26623-AE53-4CE3-9273-8BD5C9A01961}.Release|x86.ActiveCfg = Release|Any CPU
		{D3C26623-AE53-4CE3-9273-8BD5C9A01961}.Release|x86.Build.0 = Release|Any CPU
		{963D3AE1-BF7F-423C-80AF-A81BAEAD6824}.Debug|Any CPU.ActiveCfg = Debug|Any CPU
		{963D3AE1-BF7F-423C-80AF-A81BAEAD6824}.Debug|Any CPU.Build.0 = Debug|Any CPU
		{963D3AE1-BF7F-423C-80AF-A81BAEAD6824}.Debug|x86.ActiveCfg = Debug|Any CPU
		{963D3AE1-BF7F-423C-80AF-A81BAEAD6824}.Debug|x86.Build.0 = Debug|Any CPU
		{963D3AE1-BF7F-423C-80AF-A81BAEAD6824}.Protected_Release|Any CPU.ActiveCfg = Release|Any CPU
		{963D3AE1-BF7F-423C-80AF-A81BAEAD6824}.Protected_Release|Any CPU.Build.0 = Release|Any CPU
		{963D3AE1-BF7F-423C-80AF-A81BAEAD6824}.Protected_Release|x86.ActiveCfg = Release|Any CPU
		{963D3AE1-BF7F-423C-80AF-A81BAEAD6824}.Protected_Release|x86.Build.0 = Release|Any CPU
		{963D3AE1-BF7F-423C-80AF-A81BAEAD6824}.Release|Any CPU.ActiveCfg = Release|Any CPU
		{963D3AE1-BF7F-423C-80AF-A81BAEAD6824}.Release|Any CPU.Build.0 = Release|Any CPU
		{963D3AE1-BF7F-423C-80AF-A81BAEAD6824}.Release|x86.ActiveCfg = Release|Any CPU
		{963D3AE1-BF7F-423C-80AF-A81BAEAD6824}.Release|x86.Build.0 = Release|Any CPU
	EndGlobalSection
	GlobalSection(SolutionProperties) = preSolution
		HideSolutionNode = FALSE
	EndGlobalSection
	GlobalSection(ExtensibilityGlobals) = postSolution
		SolutionGuid = {82250DFB-AFAF-481F-822E-7D075344C6CA}
	EndGlobalSection
EndGlobal
