
Microsoft Visual Studio Solution File, Format Version 12.00
# Visual Studio 15
VisualStudioVersion = 15.0.27130.2010
MinimumVisualStudioVersion = 10.0.40219.1
Project("{FAE04EC0-301F-11D3-BF4B-00C04F79EFBC}") = "DAL", "DAL\DAL.csproj", "{163A5F69-0503-493C-A1BB-BC1B5CA4559D}"
EndProject
Project("{FAE04EC0-301F-11D3-BF4B-00C04F79EFBC}") = "Enums", "Enums\Enums.csproj", "{B3F71BE2-7F57-4099-850A-1277BB9AB505}"
EndProject
Project("{FAE04EC0-301F-11D3-BF4B-00C04F79EFBC}") = "Common", "Common\Common.csproj", "{B966B52E-810F-4C7E-9429-B9368B015601}"
EndProject
Project("{FAE04EC0-301F-11D3-BF4B-00C04F79EFBC}") = "Constants", "Constants\Constants.csproj", "{D3C26623-AE53-4CE3-9273-8BD5C9A01961}"
EndProject
Project("{9A19103F-16F7-4668-BE54-9A1E7A4F7556}") = "WebApi", "WebApi\WebApi.csproj", "{963D3AE1-BF7F-423C-80AF-A81BAEAD6824}"
EndProject
Project("{E24C65DC-7377-472B-9ABA-BC803B73C61A}") = "Application", "Application\", "{DA7C8C61-12C0-4529-8C15-DEC4D91674B7}"
	ProjectSection(WebsiteProperties) = preProject
		TargetFrameworkMoniker = ".NETFramework,Version%3Dv4.0"
		Debug.AspNetCompiler.VirtualPath = "/localhost_54237"
		Debug.AspNetCompiler.PhysicalPath = "Application\"
		Debug.AspNetCompiler.TargetPath = "PrecompiledWeb\localhost_54237\"
		Debug.AspNetCompiler.Updateable = "true"
		Debug.AspNetCompiler.ForceOverwrite = "true"
		Debug.AspNetCompiler.FixedNames = "false"
		Debug.AspNetCompiler.Debug = "True"
		Release.AspNetCompiler.VirtualPath = "/localhost_54237"
		Release.AspNetCompiler.PhysicalPath = "Application\"
		Release.AspNetCompiler.TargetPath = "PrecompiledWeb\localhost_54237\"
		Release.AspNetCompiler.Updateable = "true"
		Release.AspNetCompiler.ForceOverwrite = "true"
		Release.AspNetCompiler.FixedNames = "false"
		Release.AspNetCompiler.Debug = "False"
		VWDPort = "54237"
		SlnRelativePath = "Application\"
	EndProjectSection
EndProject
Project("{2150E333-8FDC-42A3-9474-1A3956D46DE8}") = "Mobile", "Mobile", "{CD3AA2F5-526D-4FF1-88DA-54AEF311A312}"
EndProject
Project("{D954291E-2A0B-460D-934E-DC6B0785DB48}") = "App1", "Mobile\App1\App1\App1.shproj", "{C244D557-8855-4752-A5EF-8934B8D8446F}"
EndProject
Project("{FAE04EC0-301F-11D3-BF4B-00C04F79EFBC}") = "App1.Android", "Mobile\App1\App1.Android\App1.Android.csproj", "{8C92FF87-DBF6-4F86-B1FC-93F02161D8F9}"
EndProject
Global
	GlobalSection(SharedMSBuildProjectFiles) = preSolution
		Mobile\App1\App1\App1.projitems*{8c92ff87-dbf6-4f86-b1fc-93f02161d8f9}*SharedItemsImports = 4
		Mobile\App1\App1\App1.projitems*{c244d557-8855-4752-a5ef-8934b8d8446f}*SharedItemsImports = 13
	EndGlobalSection
	GlobalSection(SolutionConfigurationPlatforms) = preSolution
		Debug|Any CPU = Debug|Any CPU
		Debug|x86 = Debug|x86
		Protected_Release|Any CPU = Protected_Release|Any CPU
		Protected_Release|x86 = Protected_Release|x86
		Release|Any CPU = Release|Any CPU
		Release|x86 = Release|x86
	EndGlobalSection
	GlobalSection(ProjectConfigurationPlatforms) = postSolution
		{163A5F69-0503-493C-A1BB-BC1B5CA4559D}.Debug|Any CPU.ActiveCfg = Debug|Any CPU
		{163A5F69-0503-493C-A1BB-BC1B5CA4559D}.Debug|Any CPU.Build.0 = Debug|Any CPU
		{163A5F69-0503-493C-A1BB-BC1B5CA4559D}.Debug|x86.ActiveCfg = Debug|x86
		{163A5F69-0503-493C-A1BB-BC1B5CA4559D}.Debug|x86.Build.0 = Debug|x86
		{163A5F69-0503-493C-A1BB-BC1B5CA4559D}.Protected_Release|Any CPU.ActiveCfg = Protected_Release|Any CPU
		{163A5F69-0503-493C-A1BB-BC1B5CA4559D}.Protected_Release|Any CPU.Build.0 = Protected_Release|Any CPU
		{163A5F69-0503-493C-A1BB-BC1B5CA4559D}.Protected_Release|x86.ActiveCfg = Protected_Release|x86
		{163A5F69-0503-493C-A1BB-BC1B5CA4559D}.Protected_Release|x86.Build.0 = Protected_Release|x86
		{163A5F69-0503-493C-A1BB-BC1B5CA4559D}.Release|Any CPU.ActiveCfg = Release|Any CPU
		{163A5F69-0503-493C-A1BB-BC1B5CA4559D}.Release|Any CPU.Build.0 = Release|Any CPU
		{163A5F69-0503-493C-A1BB-BC1B5CA4559D}.Release|x86.ActiveCfg = Release|x86
		{163A5F69-0503-493C-A1BB-BC1B5CA4559D}.Release|x86.Build.0 = Release|x86
		{B3F71BE2-7F57-4099-850A-1277BB9AB505}.Debug|Any CPU.ActiveCfg = Debug|Any CPU
		{B3F71BE2-7F57-4099-850A-1277BB9AB505}.Debug|Any CPU.Build.0 = Debug|Any CPU
		{B3F71BE2-7F57-4099-850A-1277BB9AB505}.Debug|x86.ActiveCfg = Debug|x86
		{B3F71BE2-7F57-4099-850A-1277BB9AB505}.Debug|x86.Build.0 = Debug|x86
		{B3F71BE2-7F57-4099-850A-1277BB9AB505}.Protected_Release|Any CPU.ActiveCfg = Protected_Release|Any CPU
		{B3F71BE2-7F57-4099-850A-1277BB9AB505}.Protected_Release|Any CPU.Build.0 = Protected_Release|Any CPU
		{B3F71BE2-7F57-4099-850A-1277BB9AB505}.Protected_Release|x86.ActiveCfg = Protected_Release|x86
		{B3F71BE2-7F57-4099-850A-1277BB9AB505}.Protected_Release|x86.Build.0 = Protected_Release|x86
		{B3F71BE2-7F57-4099-850A-1277BB9AB505}.Release|Any CPU.ActiveCfg = Release|Any CPU
		{B3F71BE2-7F57-4099-850A-1277BB9AB505}.Release|Any CPU.Build.0 = Release|Any CPU
		{B3F71BE2-7F57-4099-850A-1277BB9AB505}.Release|x86.ActiveCfg = Release|x86
		{B3F71BE2-7F57-4099-850A-1277BB9AB505}.Release|x86.Build.0 = Release|x86
		{B966B52E-810F-4C7E-9429-B9368B015601}.Debug|Any CPU.ActiveCfg = Debug|Any CPU
		{B966B52E-810F-4C7E-9429-B9368B015601}.Debug|Any CPU.Build.0 = Debug|Any CPU
		{B966B52E-810F-4C7E-9429-B9368B015601}.Debug|x86.ActiveCfg = Debug|x86
		{B966B52E-810F-4C7E-9429-B9368B015601}.Debug|x86.Build.0 = Debug|x86
		{B966B52E-810F-4C7E-9429-B9368B015601}.Protected_Release|Any CPU.ActiveCfg = Protected_Release|Any CPU
		{B966B52E-810F-4C7E-9429-B9368B015601}.Protected_Release|Any CPU.Build.0 = Protected_Release|Any CPU
		{B966B52E-810F-4C7E-9429-B9368B015601}.Protected_Release|x86.ActiveCfg = Protected_Release|x86
		{B966B52E-810F-4C7E-9429-B9368B015601}.Protected_Release|x86.Build.0 = Protected_Release|x86
		{B966B52E-810F-4C7E-9429-B9368B015601}.Release|Any CPU.ActiveCfg = Release|Any CPU
		{B966B52E-810F-4C7E-9429-B9368B015601}.Release|Any CPU.Build.0 = Release|Any CPU
		{B966B52E-810F-4C7E-9429-B9368B015601}.Release|x86.ActiveCfg = Release|x86
		{B966B52E-810F-4C7E-9429-B9368B015601}.Release|x86.Build.0 = Release|x86
		{D3C26623-AE53-4CE3-9273-8BD5C9A01961}.Debug|Any CPU.ActiveCfg = Debug|Any CPU
		{D3C26623-AE53-4CE3-9273-8BD5C9A01961}.Debug|Any CPU.Build.0 = Debug|Any CPU
		{D3C26623-AE53-4CE3-9273-8BD5C9A01961}.Debug|x86.ActiveCfg = Debug|Any CPU
		{D3C26623-AE53-4CE3-9273-8BD5C9A01961}.Debug|x86.Build.0 = Debug|Any CPU
		{D3C26623-AE53-4CE3-9273-8BD5C9A01961}.Protected_Release|Any CPU.ActiveCfg = Protected_Release|Any CPU
		{D3C26623-AE53-4CE3-9273-8BD5C9A01961}.Protected_Release|Any CPU.Build.0 = Protected_Release|Any CPU
		{D3C26623-AE53-4CE3-9273-8BD5C9A01961}.Protected_Release|x86.ActiveCfg = Protected_Release|Any CPU
		{D3C26623-AE53-4CE3-9273-8BD5C9A01961}.Protected_Release|x86.Build.0 = Protected_Release|Any CPU
		{D3C26623-AE53-4CE3-9273-8BD5C9A01961}.Release|Any CPU.ActiveCfg = Release|Any CPU
		{D3C26623-AE53-4CE3-9273-8BD5C9A01961}.Release|Any CPU.Build.0 = Release|Any CPU
		{D3C26623-AE53-4CE3-9273-8BD5C9A01961}.Release|x86.ActiveCfg = Release|Any CPU
		{D3C26623-AE53-4CE3-9273-8BD5C9A01961}.Release|x86.Build.0 = Release|Any CPU
		{963D3AE1-BF7F-423C-80AF-A81BAEAD6824}.Debug|Any CPU.ActiveCfg = Debug|Any CPU
		{963D3AE1-BF7F-423C-80AF-A81BAEAD6824}.Debug|Any CPU.Build.0 = Debug|Any CPU
		{963D3AE1-BF7F-423C-80AF-A81BAEAD6824}.Debug|x86.ActiveCfg = Debug|Any CPU
		{963D3AE1-BF7F-423C-80AF-A81BAEAD6824}.Debug|x86.Build.0 = Debug|Any CPU
		{963D3AE1-BF7F-423C-80AF-A81BAEAD6824}.Protected_Release|Any CPU.ActiveCfg = Release|Any CPU
		{963D3AE1-BF7F-423C-80AF-A81BAEAD6824}.Protected_Release|Any CPU.Build.0 = Release|Any CPU
		{963D3AE1-BF7F-423C-80AF-A81BAEAD6824}.Protected_Release|x86.ActiveCfg = Release|Any CPU
		{963D3AE1-BF7F-423C-80AF-A81BAEAD6824}.Protected_Release|x86.Build.0 = Release|Any CPU
		{963D3AE1-BF7F-423C-80AF-A81BAEAD6824}.Release|Any CPU.ActiveCfg = Release|Any CPU
		{963D3AE1-BF7F-423C-80AF-A81BAEAD6824}.Release|Any CPU.Build.0 = Release|Any CPU
		{963D3AE1-BF7F-423C-80AF-A81BAEAD6824}.Release|x86.ActiveCfg = Release|Any CPU
		{963D3AE1-BF7F-423C-80AF-A81BAEAD6824}.Release|x86.Build.0 = Release|Any CPU
		{DA7C8C61-12C0-4529-8C15-DEC4D91674B7}.Debug|Any CPU.ActiveCfg = Debug|Any CPU
		{DA7C8C61-12C0-4529-8C15-DEC4D91674B7}.Debug|Any CPU.Build.0 = Debug|Any CPU
		{DA7C8C61-12C0-4529-8C15-DEC4D91674B7}.Debug|x86.ActiveCfg = Debug|Any CPU
		{DA7C8C61-12C0-4529-8C15-DEC4D91674B7}.Debug|x86.Build.0 = Debug|Any CPU
		{DA7C8C61-12C0-4529-8C15-DEC4D91674B7}.Protected_Release|Any CPU.ActiveCfg = Debug|Any CPU
		{DA7C8C61-12C0-4529-8C15-DEC4D91674B7}.Protected_Release|Any CPU.Build.0 = Debug|Any CPU
		{DA7C8C61-12C0-4529-8C15-DEC4D91674B7}.Protected_Release|x86.ActiveCfg = Debug|Any CPU
		{DA7C8C61-12C0-4529-8C15-DEC4D91674B7}.Protected_Release|x86.Build.0 = Debug|Any CPU
		{DA7C8C61-12C0-4529-8C15-DEC4D91674B7}.Release|Any CPU.ActiveCfg = Debug|Any CPU
		{DA7C8C61-12C0-4529-8C15-DEC4D91674B7}.Release|Any CPU.Build.0 = Debug|Any CPU
		{DA7C8C61-12C0-4529-8C15-DEC4D91674B7}.Release|x86.ActiveCfg = Debug|Any CPU
		{DA7C8C61-12C0-4529-8C15-DEC4D91674B7}.Release|x86.Build.0 = Debug|Any CPU
		{8C92FF87-DBF6-4F86-B1FC-93F02161D8F9}.Debug|Any CPU.ActiveCfg = Debug|Any CPU
		{8C92FF87-DBF6-4F86-B1FC-93F02161D8F9}.Debug|Any CPU.Build.0 = Debug|Any CPU
		{8C92FF87-DBF6-4F86-B1FC-93F02161D8F9}.Debug|Any CPU.Deploy.0 = Debug|Any CPU
		{8C92FF87-DBF6-4F86-B1FC-93F02161D8F9}.Debug|x86.ActiveCfg = Debug|Any CPU
		{8C92FF87-DBF6-4F86-B1FC-93F02161D8F9}.Debug|x86.Build.0 = Debug|Any CPU
		{8C92FF87-DBF6-4F86-B1FC-93F02161D8F9}.Debug|x86.Deploy.0 = Debug|Any CPU
		{8C92FF87-DBF6-4F86-B1FC-93F02161D8F9}.Protected_Release|Any CPU.ActiveCfg = Release|Any CPU
		{8C92FF87-DBF6-4F86-B1FC-93F02161D8F9}.Protected_Release|Any CPU.Build.0 = Release|Any CPU
		{8C92FF87-DBF6-4F86-B1FC-93F02161D8F9}.Protected_Release|Any CPU.Deploy.0 = Release|Any CPU
		{8C92FF87-DBF6-4F86-B1FC-93F02161D8F9}.Protected_Release|x86.ActiveCfg = Release|Any CPU
		{8C92FF87-DBF6-4F86-B1FC-93F02161D8F9}.Protected_Release|x86.Build.0 = Release|Any CPU
		{8C92FF87-DBF6-4F86-B1FC-93F02161D8F9}.Protected_Release|x86.Deploy.0 = Release|Any CPU
		{8C92FF87-DBF6-4F86-B1FC-93F02161D8F9}.Release|Any CPU.ActiveCfg = Release|Any CPU
		{8C92FF87-DBF6-4F86-B1FC-93F02161D8F9}.Release|Any CPU.Build.0 = Release|Any CPU
		{8C92FF87-DBF6-4F86-B1FC-93F02161D8F9}.Release|Any CPU.Deploy.0 = Release|Any CPU
		{8C92FF87-DBF6-4F86-B1FC-93F02161D8F9}.Release|x86.ActiveCfg = Release|Any CPU
		{8C92FF87-DBF6-4F86-B1FC-93F02161D8F9}.Release|x86.Build.0 = Release|Any CPU
		{8C92FF87-DBF6-4F86-B1FC-93F02161D8F9}.Release|x86.Deploy.0 = Release|Any CPU
	EndGlobalSection
	GlobalSection(SolutionProperties) = preSolution
		HideSolutionNode = FALSE
	EndGlobalSection
	GlobalSection(NestedProjects) = preSolution
		{C244D557-8855-4752-A5EF-8934B8D8446F} = {CD3AA2F5-526D-4FF1-88DA-54AEF311A312}
		{8C92FF87-DBF6-4F86-B1FC-93F02161D8F9} = {CD3AA2F5-526D-4FF1-88DA-54AEF311A312}
	EndGlobalSection
	GlobalSection(ExtensibilityGlobals) = postSolution
		SolutionGuid = {82250DFB-AFAF-481F-822E-7D075344C6CA}
	EndGlobalSection
EndGlobal
